github.com/rbaylon/trixie_mods v1.0.0 h1:RozekJS2AutwqLvlMhuZSzUCACRmjtutfivl8crlE3g=
github.com/rbaylon/trixie_mods v1.0.0/go.mod h1:UcF0e58XdEOIGZUxmVjp8C0w6+YF8jLnOILcI19Ux9k=
github.com/rbaylon/trixie_mods v1.0.1-0.20241021102419-6d4c8a5de104 h1:mEsSZILEV/93WOxavlqVSZIayiyHu0vRFaXufjL3g34=
github.com/rbaylon/trixie_mods v1.0.1-0.20241021102419-6d4c8a5de104/go.mod h1:UcF0e58XdEOIGZUxmVjp8C0w6+YF8jLnOILcI19Ux9k=
github.com/rbaylon/trixie_mods v1.1.1 h1:C3zAgBT8N8WA7CCTjxAqS5E2fUaGsnpzh7fGljMjfvU=
github.com/rbaylon/trixie_mods v1.1.1/go.mod h1:UcF0e58XdEOIGZUxmVjp8C0w6+YF8jLnOILcI19Ux9k=
